
Microsoft Visual Studio Solution File, Format Version 12.00
# Visual Studio 15
VisualStudioVersion = 15.0.27703.2042
MinimumVisualStudioVersion = 10.0.40219.1
Project("{FAE04EC0-301F-11D3-BF4B-00C04F79EFBC}") = "C-Step91", "C-Step91\C-Step91.csproj", "{1E6C2913-6CEC-495A-9775-E9DB599F043D}"
EndProject
Global
	GlobalSection(SolutionConfigurationPlatforms) = preSolution
		Debug|Any CPU = Debug|Any CPU
		Release|Any CPU = Release|Any CPU
	EndGlobalSection
	GlobalSection(ProjectConfigurationPlatforms) = postSolution
		{1E6C2913-6CEC-495A-9775-E9DB599F043D}.Debug|Any CPU.ActiveCfg = Debug|Any CPU
		{1E6C2913-6CEC-495A-9775-E9DB599F043D}.Debug|Any CPU.Build.0 = Debug|Any CPU
		{1E6C2913-6CEC-495A-9775-E9DB599F043D}.Release|Any CPU.ActiveCfg = Release|Any CPU
		{1E6C2913-6CEC-495A-9775-E9DB599F043D}.Release|Any CPU.Build.0 = Release|Any CPU
	EndGlobalSection
	GlobalSection(SolutionProperties) = preSolution
		HideSolutionNode = FALSE
	EndGlobalSection
	GlobalSection(ExtensibilityGlobals) = postSolution
		SolutionGuid = {0F152422-D765-46D5-B4F5-11B841CAFAFD}
	EndGlobalSection
EndGlobal
